name: Refresh npm lockfile

on:
  push:
    branches: [main]

permissions:
  contents: write

jobs:
  refresh-lockfile:
    if: github.actor != 'github-actions[bot]'
    runs-on: ubuntu-latest
    timeout-minutes: 10
    steps:
      - name: Checkout
        uses: actions/checkout@v4
      - name: Setup Node.js 22
        uses: actions/setup-node@v4
        with:
          node-version: 22
      - name: Pin npm
        run: npm install --global npm@11.18.0
      - name: Refresh lockfile
        run: npm install --package-lock-only --ignore-scripts
      - name: Commit lockfile
        run: |
          git config user.name 'github-actions[bot]'
          git config user.email '41898282+github-actions[bot]@users.noreply.github.com'
          if git diff --quiet -- package-lock.json; then
            exit 0
          fi
          git add package-lock.json
          git commit -m 'chore(deps): refresh npm lockfile'
          git push origin HEAD:main
